<Solution>
  <Folder Name="/Application/">
    <Project Path="SharpClaw.Application.API/SharpClaw.Application.API.csproj" />
    <Project Path="SharpClaw.Application.Core/SharpClaw.Application.Core.csproj" />
    <Project Path="SharpClaw.Application.Infrastructure.Tasks/SharpClaw.Application.Infrastructure.Tasks.csproj" Id="23769044-e624-4ad4-a4ba-66de30a6eb15" />
    <Project Path="SharpClaw.Application.Infrastructure/SharpClaw.Application.Infrastructure.csproj" />
  </Folder>
  <Folder Name="/Migrations/">
    <Project Path="SharpClaw.Migrations.Postgres/SharpClaw.Migrations.Postgres.csproj" />
    <Project Path="SharpClaw.Migrations.SQLite/SharpClaw.Migrations.SQLite.csproj" />
    <Project Path="SharpClaw.Migrations.SqlServer/SharpClaw.Migrations.SqlServer.csproj" />
  </Folder>
  <Folder Name="/NativeClient/">
    <Project Path="SharpClaw.Uno/SharpClaw.Uno.csproj">
      <Deploy />
    </Project>
  </Folder>
  <Folder Name="/Gateway/">
    <Project Path="SharpClaw.Gateway/SharpClaw.Gateway.csproj" />
  </Folder>
  <Folder Name="/Shared/">
    <Project Path="mk8.shell.startup/mk8.shell.startup.csproj" Id="77f11c7c-0e3d-41a2-ab70-1ef0c037a928" />
    <Project Path="mk8.shell/mk8.shell.csproj" Id="b4c429fc-9022-4adc-8ab7-f35e9eb87e87" />
    <Project Path="SharpClaw.Contracts/SharpClaw.Contracts.csproj" />
    <Project Path="SharpClaw.Utils/SharpClaw.Utils.csproj" />
  </Folder>
  <Folder Name="/Solution Items/" />
  <Folder Name="/DefaultModules/">
    <Project Path="DefaultModules/AgentOrchestration/SharpClaw.Modules.AgentOrchestration.csproj" />
    <Project Path="DefaultModules/BotIntegration/SharpClaw.Modules.BotIntegration.csproj" />
    <Project Path="DefaultModules/ComputerUse/SharpClaw.Modules.ComputerUse.csproj" />
    <Project Path="DefaultModules/ContextTools/SharpClaw.Modules.ContextTools.csproj" />
    <Project Path="DefaultModules/DangerousShell/SharpClaw.Modules.DangerousShell.csproj" />
    <Project Path="DefaultModules/DatabaseAccess/SharpClaw.Modules.DatabaseAccess.csproj" />
    <Project Path="DefaultModules/EditorCommon/SharpClaw.Modules.EditorCommon.csproj" />
    <Project Path="DefaultModules/Mk8Shell/SharpClaw.Modules.Mk8Shell.csproj" />
    <Project Path="DefaultModules/ModuleDev/SharpClaw.Modules.ModuleDev.csproj" />
    <Project Path="DefaultModules/OfficeApps/SharpClaw.Modules.OfficeApps.csproj" />
    <Project Path="DefaultModules/Transcription/SharpClaw.Modules.Transcription.csproj" />
    <Project Path="DefaultModules/VS2026Editor/SharpClaw.Modules.VS2026Editor.csproj" />
    <Project Path="DefaultModules/VSCodeEditor/SharpClaw.Modules.VSCodeEditor.csproj" />
    <Project Path="DefaultModules/WebAccess/SharpClaw.Modules.WebAccess.csproj" />
  </Folder>
  <Folder Name="/Solution Items/Build/">
    <File Path="Directory.Build.props" />
    <File Path="Directory.Build.targets" />
    <File Path="Directory.Packages.props" />
    <File Path="global.json" />
  </Folder>
  <Folder Name="/Solution Items/Docs/">
    <File Path="docs/Core-API-documentation.md" />
    <File Path="docs/Core-API-skill.md" />
    <File Path="docs/Core-CLI-documentation.md" />
    <File Path="docs/Core-CLI-skill.md" />
    <File Path="docs/Database-Configuration.md" />
    <File Path="docs/Gateway-documentation.md" />
    <File Path="docs/Gateway-skill.md" />
    <File Path="docs/Provider-Parameters.md" />
    <File Path="docs/Tasks-documentation.md" />
    <File Path="docs/Tasks-skill.md" />
  </Folder>
  <Folder Name="/Solution Items/Docs/Modules/">
    <File Path="docs/modules/Module-AgentOrchestration-skill.md" />
    <File Path="docs/modules/Module-AgentOrchestration.md" />
    <File Path="docs/modules/Module-BotIntegration-skill.md" />
    <File Path="docs/modules/Module-BotIntegration.md" />
    <File Path="docs/modules/Module-ComputerUse-skill.md" />
    <File Path="docs/modules/Module-ComputerUse.md" />
    <File Path="docs/modules/Module-ContextTools-skill.md" />
    <File Path="docs/modules/Module-ContextTools.md" />
    <File Path="docs/modules/Module-DangerousShell-skill.md" />
    <File Path="docs/modules/Module-DangerousShell.md" />
    <File Path="docs/modules/Module-DatabaseAccess-skill.md" />
    <File Path="docs/modules/Module-DatabaseAccess.md" />
    <File Path="docs/modules/Module-EditorCommon-skill.md" />
    <File Path="docs/modules/Module-EditorCommon.md" />
    <File Path="docs/modules/Module-Enablement-Guide.md" />
    <File Path="docs/modules/Module-Mk8Shell-skill.md" />
    <File Path="docs/modules/Module-Mk8Shell.md" />
    <File Path="docs/modules/Module-ModuleDev-skill.md" />
    <File Path="docs/modules/Module-ModuleDev.md" />
    <File Path="docs/modules/Module-OfficeApps-skill.md" />
    <File Path="docs/modules/Module-OfficeApps.md" />
    <File Path="docs/modules/Module-Transcription-skill.md" />
    <File Path="docs/modules/Module-Transcription.md" />
    <File Path="docs/modules/Module-VS2026Editor-skill.md" />
    <File Path="docs/modules/Module-VS2026Editor.md" />
    <File Path="docs/modules/Module-VSCodeEditor-skill.md" />
    <File Path="docs/modules/Module-VSCodeEditor.md" />
    <File Path="docs/modules/Module-WebAccess-skill.md" />
    <File Path="docs/modules/Module-WebAccess.md" />
  </Folder>
  <Folder Name="/Solution Items/Docs/Providers/">
    <File Path="docs/providers/Anthropic.md" />
    <File Path="docs/providers/Cerebras.md" />
    <File Path="docs/providers/Custom.md" />
    <File Path="docs/providers/GitHub-Copilot.md" />
    <File Path="docs/providers/Google-Gemini-OpenAI.md" />
    <File Path="docs/providers/Google-Gemini.md" />
    <File Path="docs/providers/Google-Vertex-AI-OpenAI.md" />
    <File Path="docs/providers/Google-Vertex-AI.md" />
    <File Path="docs/providers/Groq.md" />
    <File Path="docs/providers/LlamaSharp.md" />
    <File Path="docs/providers/Minimax.md" />
    <File Path="docs/providers/Mistral.md" />
    <File Path="docs/providers/Ollama.md" />
    <File Path="docs/providers/OpenAI.md" />
    <File Path="docs/providers/OpenRouter.md" />
    <File Path="docs/providers/Vercel-AI.md" />
    <File Path="docs/providers/xAI.md" />
    <File Path="docs/providers/ZAI.md" />
  </Folder>
  <Folder Name="/Solution Items/Git/">
    <File Path=".gitignore" />
  </Folder>
  <Folder Name="/Solution Items/Notices/">
    <File Path="CONTRIBUTING.md" />
    <File Path="LICENSE.md" />
    <File Path="README.md" />
    <File Path="SECURITY.md" />
  </Folder>
  <Folder Name="/Solution Items/Scripts/">
    <File Path="publish-msix.ps1" />
    <File Path="publish-release.ps1" />
    <File Path="publish.ps1" />
  </Folder>
  <Folder Name="/Tests/">
    <Project Path="SharpClaw.Tests/SharpClaw.Tests.csproj">
      <Deploy />
    </Project>
    <Project Path="SharpClaw.UITests/SharpClaw.UITests.csproj">
      <Deploy />
    </Project>
  </Folder>
</Solution>
